
Microsoft Visual Studio Solution File, Format Version 12.00
# Visual Studio Version 16
VisualStudioVersion = 16.0.30907.101
MinimumVisualStudioVersion = 10.0.40219.1
Project("{2150E333-8FDC-42A3-9474-1A3956D46DE8}") = "While Loop - Exercise", "While Loop - Exercise", "{CE6DE645-4AC4-499F-93DD-EB130D9A22D1}"
EndProject
Project("{2150E333-8FDC-42A3-9474-1A3956D46DE8}") = "While Loop - Lab", "While Loop - Lab", "{F27D31B8-BD53-4443-B48F-5348DD251092}"
EndProject
Project("{2150E333-8FDC-42A3-9474-1A3956D46DE8}") = "For Loop - Excercises", "For Loop - Excercises", "{EBA95519-129C-482E-8649-F57026D32DDF}"
EndProject
Project("{2150E333-8FDC-42A3-9474-1A3956D46DE8}") = "Nested Loops - Exercise", "Nested Loops - Exercise", "{DD5F3DC2-9EF7-4315-9002-B5F64EA253CB}"
EndProject
Project("{2150E333-8FDC-42A3-9474-1A3956D46DE8}") = "Nested Loops - Lab", "Nested Loops - Lab", "{74B5CB8C-6B0D-49C8-B4E6-70071B029523}"
EndProject
Project("{9A19103F-16F7-4668-BE54-9A1E7A4F7556}") = "1. Numbers ending on 7", "For Loop - Excercises\1. Numbers ending on 7\1. Numbers ending on 7.csproj", "{0CCE7992-7AEA-4C35-8905-EEC9A020A9E0}"
EndProject
Project("{9A19103F-16F7-4668-BE54-9A1E7A4F7556}") = "2. Half Sum Element", "For Loop - Excercises\2. Half Sum Element\2. Half Sum Element.csproj", "{E1EABB9F-444D-467B-8AC3-5E714230F475}"
EndProject
Project("{9A19103F-16F7-4668-BE54-9A1E7A4F7556}") = "3. Odd Even Positions", "For Loop - Excercises\3. Odd Even Positions\3. Odd Even Positions.csproj", "{01804090-772B-450B-9E4B-060854645131}"
EndProject
Project("{9A19103F-16F7-4668-BE54-9A1E7A4F7556}") = "4. Hystogram", "For Loop - Excercises\4. Hystogram\4. Hystogram.csproj", "{88D2EE2A-6B46-4254-B92B-837F0651FCBB}"
EndProject
Project("{9A19103F-16F7-4668-BE54-9A1E7A4F7556}") = "5. Divide Without Remainder", "For Loop - Excercises\5. Divide Without Remainder\5. Divide Without Remainder.csproj", "{E283C822-39C9-4EF4-AC5F-BEE2C735C1D2}"
EndProject
Project("{9A19103F-16F7-4668-BE54-9A1E7A4F7556}") = "6. Salary", "For Loop - Excercises\6. Salary\6. Salary.csproj", "{E8DF3DEA-538F-446B-ABFE-BCC5B097DCFB}"
EndProject
Project("{9A19103F-16F7-4668-BE54-9A1E7A4F7556}") = "01. Number Pyramid", "Nested Loops - Exercise\01. Number Pyramid\01. Number Pyramid.csproj", "{EBA0D884-572A-42EB-8B87-8109FDD106A6}"
EndProject
Project("{9A19103F-16F7-4668-BE54-9A1E7A4F7556}") = "02. Equal Sums Even Odd Position", "Nested Loops - Exercise\02. Equal Sums Even Odd Position\02. Equal Sums Even Odd Position.csproj", "{9EBE326C-C10A-4527-9637-097F5D73FCC1}"
EndProject
Project("{9A19103F-16F7-4668-BE54-9A1E7A4F7556}") = "03. Sum Prime Non Prime", "Nested Loops - Exercise\03. Sum Prime Non Prime\03. Sum Prime Non Prime.csproj", "{300577BF-EE49-4923-BC20-3B167ED0B7C0}"
EndProject
Project("{9A19103F-16F7-4668-BE54-9A1E7A4F7556}") = "04. Train The Trainers", "Nested Loops - Exercise\04. Train The Trainers\04. Train The Trainers.csproj", "{3D1B31DF-87AF-4301-850B-7969066642E5}"
EndProject
Project("{9A19103F-16F7-4668-BE54-9A1E7A4F7556}") = "05. Password Generator", "Nested Loops - Exercise\05. Password Generator\05. Password Generator.csproj", "{07CE6F91-4F8C-4AC2-98E6-29B31BDB9214}"
EndProject
Project("{9A19103F-16F7-4668-BE54-9A1E7A4F7556}") = "06. Special Numbers", "Nested Loops - Exercise\06. Special Numbers\06. Special Numbers.csproj", "{162C9E28-AED0-4F4D-9507-521680EA339C}"
EndProject
Project("{9A19103F-16F7-4668-BE54-9A1E7A4F7556}") = "01. Clock", "Nested Loops - Lab\01. Clock\01. Clock.csproj", "{FF3C9B52-018D-4ADF-8774-016B4AF0CCFE}"
EndProject
Project("{9A19103F-16F7-4668-BE54-9A1E7A4F7556}") = "02. Multiplication Table", "Nested Loops - Lab\02. Multiplication Table\02. Multiplication Table.csproj", "{34928C96-E90D-4EBC-BD7D-CE53D0BA4ED7}"
EndProject
Project("{9A19103F-16F7-4668-BE54-9A1E7A4F7556}") = "03. Combinations", "Nested Loops - Lab\03. Combinations\03. Combinations.csproj", "{7325D685-190A-45E7-9794-18A34D6D19C5}"
EndProject
Project("{9A19103F-16F7-4668-BE54-9A1E7A4F7556}") = "04. Sum of Two Numbers", "Nested Loops - Lab\04. Sum of Two Numbers\04. Sum of Two Numbers.csproj", "{7E6D3D1C-4E88-4038-A7B1-1B6FF26B7772}"
EndProject
Project("{9A19103F-16F7-4668-BE54-9A1E7A4F7556}") = "05. Travelling", "Nested Loops - Lab\05. Travelling\05. Travelling.csproj", "{80CEDFD6-E160-4B26-8471-28CF717547D7}"
EndProject
Project("{9A19103F-16F7-4668-BE54-9A1E7A4F7556}") = "06. Building", "Nested Loops - Lab\06. Building\06. Building.csproj", "{505713CF-6D94-452F-BED2-06B1FFB21416}"
EndProject
Project("{9A19103F-16F7-4668-BE54-9A1E7A4F7556}") = "07. Cinema Tickets", "Nested Loops - Lab\07. Cinema Tickets\07. Cinema Tickets.csproj", "{FD2623D3-9EAA-45E7-8BEF-11F6B5631A72}"
EndProject
Project("{9A19103F-16F7-4668-BE54-9A1E7A4F7556}") = "01. Old Books", "While Loop - Exercise\01. Old Books\01. Old Books.csproj", "{9701C91A-306C-44C7-B646-A2CCD9399090}"
EndProject
Project("{9A19103F-16F7-4668-BE54-9A1E7A4F7556}") = "02. Exam Preparation", "While Loop - Exercise\02. Exam Preparation\02. Exam Preparation.csproj", "{B731795F-484D-4373-AC7F-59BD2E08EBE5}"
EndProject
Project("{9A19103F-16F7-4668-BE54-9A1E7A4F7556}") = "03. Vacation", "While Loop - Exercise\03. Vacation\03. Vacation.csproj", "{DDA189C9-731A-4409-BB4C-CF04E4B1B149}"
EndProject
Project("{9A19103F-16F7-4668-BE54-9A1E7A4F7556}") = "04. Walking", "While Loop - Exercise\04. Walking\04. Walking.csproj", "{46BF67F5-B101-4CDC-8C37-8BA12951B153}"
EndProject
Project("{9A19103F-16F7-4668-BE54-9A1E7A4F7556}") = "05. Coins", "While Loop - Exercise\05. Coins\05. Coins.csproj", "{F14D613F-0151-4295-AA1F-E0D4D5558F4C}"
EndProject
Project("{9A19103F-16F7-4668-BE54-9A1E7A4F7556}") = "06. Cake", "While Loop - Exercise\06. Cake\06. Cake.csproj", "{DBD29AA9-D450-4D51-9FB9-37B609987483}"
EndProject
Project("{9A19103F-16F7-4668-BE54-9A1E7A4F7556}") = "01. Read Text", "While Loop - Lab\01. Read Text\01. Read Text.csproj", "{A34FF3A7-6E6B-4C8C-9FDE-84AD6F07E7D8}"
EndProject
Project("{9A19103F-16F7-4668-BE54-9A1E7A4F7556}") = "02. Password", "While Loop - Lab\02. Password\02. Password.csproj", "{513A51AC-0083-4836-858E-82309E034052}"
EndProject
Project("{9A19103F-16F7-4668-BE54-9A1E7A4F7556}") = "03. Sum Numbers", "While Loop - Lab\03. Sum Numbers\03. Sum Numbers.csproj", "{394F1005-2DBA-40CC-AE22-F88B105E41BC}"
EndProject
Project("{9A19103F-16F7-4668-BE54-9A1E7A4F7556}") = "04. Sequence 2k+1", "While Loop - Lab\04. Sequence 2k+1\04. Sequence 2k+1.csproj", "{BF375C50-FA4D-45A1-B19F-39A80214040B}"
EndProject
Project("{9A19103F-16F7-4668-BE54-9A1E7A4F7556}") = "05. Account Balance", "While Loop - Lab\05. Account Balance\05. Account Balance.csproj", "{E45D1412-C7F0-43C0-9810-7704EF259A8E}"
EndProject
Project("{9A19103F-16F7-4668-BE54-9A1E7A4F7556}") = "06. Max Number", "While Loop - Lab\06. Max Number\06. Max Number.csproj", "{634BB8E2-0A88-42CA-ABDB-01E7B0B3EF5F}"
EndProject
Project("{9A19103F-16F7-4668-BE54-9A1E7A4F7556}") = "07. Min Number", "While Loop - Lab\07. Min Number\07. Min Number.csproj", "{12A01F8E-8B3E-4D8D-8355-8A6F6F9AE613}"
EndProject
Project("{9A19103F-16F7-4668-BE54-9A1E7A4F7556}") = "08. Graduation pt.2", "While Loop - Lab\08. Graduation pt.2\08. Graduation pt.2.csproj", "{43F54443-516A-4588-9DC4-321D2955F0CD}"
EndProject
Project("{9A19103F-16F7-4668-BE54-9A1E7A4F7556}") = "09. Moving", "While Loop - Lab\09. Moving\09. Moving.csproj", "{C25E6D51-3C3D-4AA6-8508-1732EDBC2FF5}"
EndProject
Project("{2150E333-8FDC-42A3-9474-1A3956D46DE8}") = "Programming Basics Online Exam - 18 and 19 July 2020", "Programming Basics Online Exam - 18 and 19 July 2020", "{964EABC5-9357-41AF-BE6D-23C057A25C94}"
EndProject
Project("{9A19103F-16F7-4668-BE54-9A1E7A4F7556}") = "01. Agency Profit", "01. Agency Profit\01. Agency Profit.csproj", "{CC463055-252C-4786-A7F6-DEF450AB7C72}"
EndProject
Project("{FAE04EC0-301F-11D3-BF4B-00C04F79EFBC}") = "02. Add Bags", "02. Add Bags\02. Add Bags.csproj", "{39E106B2-8AFA-4256-8C3F-A93D30831513}"
EndProject
Project("{FAE04EC0-301F-11D3-BF4B-00C04F79EFBC}") = "03. Aluminum Joinery", "03. Aluminum Joinery\03. Aluminum Joinery.csproj", "{D6289EF1-6A3F-4696-9283-66ABBD4CDD48}"
EndProject
Project("{FAE04EC0-301F-11D3-BF4B-00C04F79EFBC}") = "04. Balls", "04. Balls\04. Balls.csproj", "{025BC576-988F-4388-B507-34D7B9A9C56C}"
EndProject
Project("{FAE04EC0-301F-11D3-BF4B-00C04F79EFBC}") = "05. Best Player", "05. Best Player\05. Best Player.csproj", "{F13A3E81-8CF4-4399-A517-E3278D3D15BB}"
EndProject
Project("{FAE04EC0-301F-11D3-BF4B-00C04F79EFBC}") = "06. Barcode Generator", "06. Barcode Generator\06. Barcode Generator.csproj", "{B054E35F-A1E8-427E-8277-B00B44D927F6}"
EndProject
Global
	GlobalSection(SolutionConfigurationPlatforms) = preSolution
		Debug|Any CPU = Debug|Any CPU
		Release|Any CPU = Release|Any CPU
	EndGlobalSection
	GlobalSection(ProjectConfigurationPlatforms) = postSolution
		{0CCE7992-7AEA-4C35-8905-EEC9A020A9E0}.Debug|Any CPU.ActiveCfg = Debug|Any CPU
		{0CCE7992-7AEA-4C35-8905-EEC9A020A9E0}.Debug|Any CPU.Build.0 = Debug|Any CPU
		{0CCE7992-7AEA-4C35-8905-EEC9A020A9E0}.Release|Any CPU.ActiveCfg = Release|Any CPU
		{0CCE7992-7AEA-4C35-8905-EEC9A020A9E0}.Release|Any CPU.Build.0 = Release|Any CPU
		{E1EABB9F-444D-467B-8AC3-5E714230F475}.Debug|Any CPU.ActiveCfg = Debug|Any CPU
		{E1EABB9F-444D-467B-8AC3-5E714230F475}.Debug|Any CPU.Build.0 = Debug|Any CPU
		{E1EABB9F-444D-467B-8AC3-5E714230F475}.Release|Any CPU.ActiveCfg = Release|Any CPU
		{E1EABB9F-444D-467B-8AC3-5E714230F475}.Release|Any CPU.Build.0 = Release|Any CPU
		{01804090-772B-450B-9E4B-060854645131}.Debug|Any CPU.ActiveCfg = Debug|Any CPU
		{01804090-772B-450B-9E4B-060854645131}.Debug|Any CPU.Build.0 = Debug|Any CPU
		{01804090-772B-450B-9E4B-060854645131}.Release|Any CPU.ActiveCfg = Release|Any CPU
		{01804090-772B-450B-9E4B-060854645131}.Release|Any CPU.Build.0 = Release|Any CPU
		{88D2EE2A-6B46-4254-B92B-837F0651FCBB}.Debug|Any CPU.ActiveCfg = Debug|Any CPU
		{88D2EE2A-6B46-4254-B92B-837F0651FCBB}.Debug|Any CPU.Build.0 = Debug|Any CPU
		{88D2EE2A-6B46-4254-B92B-837F0651FCBB}.Release|Any CPU.ActiveCfg = Release|Any CPU
		{88D2EE2A-6B46-4254-B92B-837F0651FCBB}.Release|Any CPU.Build.0 = Release|Any CPU
		{E283C822-39C9-4EF4-AC5F-BEE2C735C1D2}.Debug|Any CPU.ActiveCfg = Debug|Any CPU
		{E283C822-39C9-4EF4-AC5F-BEE2C735C1D2}.Debug|Any CPU.Build.0 = Debug|Any CPU
		{E283C822-39C9-4EF4-AC5F-BEE2C735C1D2}.Release|Any CPU.ActiveCfg = Release|Any CPU
		{E283C822-39C9-4EF4-AC5F-BEE2C735C1D2}.Release|Any CPU.Build.0 = Release|Any CPU
		{E8DF3DEA-538F-446B-ABFE-BCC5B097DCFB}.Debug|Any CPU.ActiveCfg = Debug|Any CPU
		{E8DF3DEA-538F-446B-ABFE-BCC5B097DCFB}.Debug|Any CPU.Build.0 = Debug|Any CPU
		{E8DF3DEA-538F-446B-ABFE-BCC5B097DCFB}.Release|Any CPU.ActiveCfg = Release|Any CPU
		{E8DF3DEA-538F-446B-ABFE-BCC5B097DCFB}.Release|Any CPU.Build.0 = Release|Any CPU
		{EBA0D884-572A-42EB-8B87-8109FDD106A6}.Debug|Any CPU.ActiveCfg = Debug|Any CPU
		{EBA0D884-572A-42EB-8B87-8109FDD106A6}.Debug|Any CPU.Build.0 = Debug|Any CPU
		{EBA0D884-572A-42EB-8B87-8109FDD106A6}.Release|Any CPU.ActiveCfg = Release|Any CPU
		{EBA0D884-572A-42EB-8B87-8109FDD106A6}.Release|Any CPU.Build.0 = Release|Any CPU
		{9EBE326C-C10A-4527-9637-097F5D73FCC1}.Debug|Any CPU.ActiveCfg = Debug|Any CPU
		{9EBE326C-C10A-4527-9637-097F5D73FCC1}.Debug|Any CPU.Build.0 = Debug|Any CPU
		{9EBE326C-C10A-4527-9637-097F5D73FCC1}.Release|Any CPU.ActiveCfg = Release|Any CPU
		{9EBE326C-C10A-4527-9637-097F5D73FCC1}.Release|Any CPU.Build.0 = Release|Any CPU
		{300577BF-EE49-4923-BC20-3B167ED0B7C0}.Debug|Any CPU.ActiveCfg = Debug|Any CPU
		{300577BF-EE49-4923-BC20-3B167ED0B7C0}.Debug|Any CPU.Build.0 = Debug|Any CPU
		{300577BF-EE49-4923-BC20-3B167ED0B7C0}.Release|Any CPU.ActiveCfg = Release|Any CPU
		{300577BF-EE49-4923-BC20-3B167ED0B7C0}.Release|Any CPU.Build.0 = Release|Any CPU
		{3D1B31DF-87AF-4301-850B-7969066642E5}.Debug|Any CPU.ActiveCfg = Debug|Any CPU
		{3D1B31DF-87AF-4301-850B-7969066642E5}.Debug|Any CPU.Build.0 = Debug|Any CPU
		{3D1B31DF-87AF-4301-850B-7969066642E5}.Release|Any CPU.ActiveCfg = Release|Any CPU
		{3D1B31DF-87AF-4301-850B-7969066642E5}.Release|Any CPU.Build.0 = Release|Any CPU
		{07CE6F91-4F8C-4AC2-98E6-29B31BDB9214}.Debug|Any CPU.ActiveCfg = Debug|Any CPU
		{07CE6F91-4F8C-4AC2-98E6-29B31BDB9214}.Debug|Any CPU.Build.0 = Debug|Any CPU
		{07CE6F91-4F8C-4AC2-98E6-29B31BDB9214}.Release|Any CPU.ActiveCfg = Release|Any CPU
		{07CE6F91-4F8C-4AC2-98E6-29B31BDB9214}.Release|Any CPU.Build.0 = Release|Any CPU
		{162C9E28-AED0-4F4D-9507-521680EA339C}.Debug|Any CPU.ActiveCfg = Debug|Any CPU
		{162C9E28-AED0-4F4D-9507-521680EA339C}.Debug|Any CPU.Build.0 = Debug|Any CPU
		{162C9E28-AED0-4F4D-9507-521680EA339C}.Release|Any CPU.ActiveCfg = Release|Any CPU
		{162C9E28-AED0-4F4D-9507-521680EA339C}.Release|Any CPU.Build.0 = Release|Any CPU
		{FF3C9B52-018D-4ADF-8774-016B4AF0CCFE}.Debug|Any CPU.ActiveCfg = Debug|Any CPU
		{FF3C9B52-018D-4ADF-8774-016B4AF0CCFE}.Debug|Any CPU.Build.0 = Debug|Any CPU
		{FF3C9B52-018D-4ADF-8774-016B4AF0CCFE}.Release|Any CPU.ActiveCfg = Release|Any CPU
		{FF3C9B52-018D-4ADF-8774-016B4AF0CCFE}.Release|Any CPU.Build.0 = Release|Any CPU
		{34928C96-E90D-4EBC-BD7D-CE53D0BA4ED7}.Debug|Any CPU.ActiveCfg = Debug|Any CPU
		{34928C96-E90D-4EBC-BD7D-CE53D0BA4ED7}.Debug|Any CPU.Build.0 = Debug|Any CPU
		{34928C96-E90D-4EBC-BD7D-CE53D0BA4ED7}.Release|Any CPU.ActiveCfg = Release|Any CPU
		{34928C96-E90D-4EBC-BD7D-CE53D0BA4ED7}.Release|Any CPU.Build.0 = Release|Any CPU
		{7325D685-190A-45E7-9794-18A34D6D19C5}.Debug|Any CPU.ActiveCfg = Debug|Any CPU
		{7325D685-190A-45E7-9794-18A34D6D19C5}.Debug|Any CPU.Build.0 = Debug|Any CPU
		{7325D685-190A-45E7-9794-18A34D6D19C5}.Release|Any CPU.ActiveCfg = Release|Any CPU
		{7325D685-190A-45E7-9794-18A34D6D19C5}.Release|Any CPU.Build.0 = Release|Any CPU
		{7E6D3D1C-4E88-4038-A7B1-1B6FF26B7772}.Debug|Any CPU.ActiveCfg = Debug|Any CPU
		{7E6D3D1C-4E88-4038-A7B1-1B6FF26B7772}.Debug|Any CPU.Build.0 = Debug|Any CPU
		{7E6D3D1C-4E88-4038-A7B1-1B6FF26B7772}.Release|Any CPU.ActiveCfg = Release|Any CPU
		{7E6D3D1C-4E88-4038-A7B1-1B6FF26B7772}.Release|Any CPU.Build.0 = Release|Any CPU
		{80CEDFD6-E160-4B26-8471-28CF717547D7}.Debug|Any CPU.ActiveCfg = Debug|Any CPU
		{80CEDFD6-E160-4B26-8471-28CF717547D7}.Debug|Any CPU.Build.0 = Debug|Any CPU
		{80CEDFD6-E160-4B26-8471-28CF717547D7}.Release|Any CPU.ActiveCfg = Release|Any CPU
		{80CEDFD6-E160-4B26-8471-28CF717547D7}.Release|Any CPU.Build.0 = Release|Any CPU
		{505713CF-6D94-452F-BED2-06B1FFB21416}.Debug|Any CPU.ActiveCfg = Debug|Any CPU
		{505713CF-6D94-452F-BED2-06B1FFB21416}.Debug|Any CPU.Build.0 = Debug|Any CPU
		{505713CF-6D94-452F-BED2-06B1FFB21416}.Release|Any CPU.ActiveCfg = Release|Any CPU
		{505713CF-6D94-452F-BED2-06B1FFB21416}.Release|Any CPU.Build.0 = Release|Any CPU
		{FD2623D3-9EAA-45E7-8BEF-11F6B5631A72}.Debug|Any CPU.ActiveCfg = Debug|Any CPU
		{FD2623D3-9EAA-45E7-8BEF-11F6B5631A72}.Debug|Any CPU.Build.0 = Debug|Any CPU
		{FD2623D3-9EAA-45E7-8BEF-11F6B5631A72}.Release|Any CPU.ActiveCfg = Release|Any CPU
		{FD2623D3-9EAA-45E7-8BEF-11F6B5631A72}.Release|Any CPU.Build.0 = Release|Any CPU
		{9701C91A-306C-44C7-B646-A2CCD9399090}.Debug|Any CPU.ActiveCfg = Debug|Any CPU
		{9701C91A-306C-44C7-B646-A2CCD9399090}.Debug|Any CPU.Build.0 = Debug|Any CPU
		{9701C91A-306C-44C7-B646-A2CCD9399090}.Release|Any CPU.ActiveCfg = Release|Any CPU
		{9701C91A-306C-44C7-B646-A2CCD9399090}.Release|Any CPU.Build.0 = Release|Any CPU
		{B731795F-484D-4373-AC7F-59BD2E08EBE5}.Debug|Any CPU.ActiveCfg = Debug|Any CPU
		{B731795F-484D-4373-AC7F-59BD2E08EBE5}.Debug|Any CPU.Build.0 = Debug|Any CPU
		{B731795F-484D-4373-AC7F-59BD2E08EBE5}.Release|Any CPU.ActiveCfg = Release|Any CPU
		{B731795F-484D-4373-AC7F-59BD2E08EBE5}.Release|Any CPU.Build.0 = Release|Any CPU
		{DDA189C9-731A-4409-BB4C-CF04E4B1B149}.Debug|Any CPU.ActiveCfg = Debug|Any CPU
		{DDA189C9-731A-4409-BB4C-CF04E4B1B149}.Debug|Any CPU.Build.0 = Debug|Any CPU
		{DDA189C9-731A-4409-BB4C-CF04E4B1B149}.Release|Any CPU.ActiveCfg = Release|Any CPU
		{DDA189C9-731A-4409-BB4C-CF04E4B1B149}.Release|Any CPU.Build.0 = Release|Any CPU
		{46BF67F5-B101-4CDC-8C37-8BA12951B153}.Debug|Any CPU.ActiveCfg = Debug|Any CPU
		{46BF67F5-B101-4CDC-8C37-8BA12951B153}.Debug|Any CPU.Build.0 = Debug|Any CPU
		{46BF67F5-B101-4CDC-8C37-8BA12951B153}.Release|Any CPU.ActiveCfg = Release|Any CPU
		{46BF67F5-B101-4CDC-8C37-8BA12951B153}.Release|Any CPU.Build.0 = Release|Any CPU
		{F14D613F-0151-4295-AA1F-E0D4D5558F4C}.Debug|Any CPU.ActiveCfg = Debug|Any CPU
		{F14D613F-0151-4295-AA1F-E0D4D5558F4C}.Debug|Any CPU.Build.0 = Debug|Any CPU
		{F14D613F-0151-4295-AA1F-E0D4D5558F4C}.Release|Any CPU.ActiveCfg = Release|Any CPU
		{F14D613F-0151-4295-AA1F-E0D4D5558F4C}.Release|Any CPU.Build.0 = Release|Any CPU
		{DBD29AA9-D450-4D51-9FB9-37B609987483}.Debug|Any CPU.ActiveCfg = Debug|Any CPU
		{DBD29AA9-D450-4D51-9FB9-37B609987483}.Debug|Any CPU.Build.0 = Debug|Any CPU
		{DBD29AA9-D450-4D51-9FB9-37B609987483}.Release|Any CPU.ActiveCfg = Release|Any CPU
		{DBD29AA9-D450-4D51-9FB9-37B609987483}.Release|Any CPU.Build.0 = Release|Any CPU
		{A34FF3A7-6E6B-4C8C-9FDE-84AD6F07E7D8}.Debug|Any CPU.ActiveCfg = Debug|Any CPU
		{A34FF3A7-6E6B-4C8C-9FDE-84AD6F07E7D8}.Debug|Any CPU.Build.0 = Debug|Any CPU
		{A34FF3A7-6E6B-4C8C-9FDE-84AD6F07E7D8}.Release|Any CPU.ActiveCfg = Release|Any CPU
		{A34FF3A7-6E6B-4C8C-9FDE-84AD6F07E7D8}.Release|Any CPU.Build.0 = Release|Any CPU
		{513A51AC-0083-4836-858E-82309E034052}.Debug|Any CPU.ActiveCfg = Debug|Any CPU
		{513A51AC-0083-4836-858E-82309E034052}.Debug|Any CPU.Build.0 = Debug|Any CPU
		{513A51AC-0083-4836-858E-82309E034052}.Release|Any CPU.ActiveCfg = Release|Any CPU
		{513A51AC-0083-4836-858E-82309E034052}.Release|Any CPU.Build.0 = Release|Any CPU
		{394F1005-2DBA-40CC-AE22-F88B105E41BC}.Debug|Any CPU.ActiveCfg = Debug|Any CPU
		{394F1005-2DBA-40CC-AE22-F88B105E41BC}.Debug|Any CPU.Build.0 = Debug|Any CPU
		{394F1005-2DBA-40CC-AE22-F88B105E41BC}.Release|Any CPU.ActiveCfg = Release|Any CPU
		{394F1005-2DBA-40CC-AE22-F88B105E41BC}.Release|Any CPU.Build.0 = Release|Any CPU
		{BF375C50-FA4D-45A1-B19F-39A80214040B}.Debug|Any CPU.ActiveCfg = Debug|Any CPU
		{BF375C50-FA4D-45A1-B19F-39A80214040B}.Debug|Any CPU.Build.0 = Debug|Any CPU
		{BF375C50-FA4D-45A1-B19F-39A80214040B}.Release|Any CPU.ActiveCfg = Release|Any CPU
		{BF375C50-FA4D-45A1-B19F-39A80214040B}.Release|Any CPU.Build.0 = Release|Any CPU
		{E45D1412-C7F0-43C0-9810-7704EF259A8E}.Debug|Any CPU.ActiveCfg = Debug|Any CPU
		{E45D1412-C7F0-43C0-9810-7704EF259A8E}.Debug|Any CPU.Build.0 = Debug|Any CPU
		{E45D1412-C7F0-43C0-9810-7704EF259A8E}.Release|Any CPU.ActiveCfg = Release|Any CPU
		{E45D1412-C7F0-43C0-9810-7704EF259A8E}.Release|Any CPU.Build.0 = Release|Any CPU
		{634BB8E2-0A88-42CA-ABDB-01E7B0B3EF5F}.Debug|Any CPU.ActiveCfg = Debug|Any CPU
		{634BB8E2-0A88-42CA-ABDB-01E7B0B3EF5F}.Debug|Any CPU.Build.0 = Debug|Any CPU
		{634BB8E2-0A88-42CA-ABDB-01E7B0B3EF5F}.Release|Any CPU.ActiveCfg = Release|Any CPU
		{634BB8E2-0A88-42CA-ABDB-01E7B0B3EF5F}.Release|Any CPU.Build.0 = Release|Any CPU
		{12A01F8E-8B3E-4D8D-8355-8A6F6F9AE613}.Debug|Any CPU.ActiveCfg = Debug|Any CPU
		{12A01F8E-8B3E-4D8D-8355-8A6F6F9AE613}.Debug|Any CPU.Build.0 = Debug|Any CPU
		{12A01F8E-8B3E-4D8D-8355-8A6F6F9AE613}.Release|Any CPU.ActiveCfg = Release|Any CPU
		{12A01F8E-8B3E-4D8D-8355-8A6F6F9AE613}.Release|Any CPU.Build.0 = Release|Any CPU
		{43F54443-516A-4588-9DC4-321D2955F0CD}.Debug|Any CPU.ActiveCfg = Debug|Any CPU
		{43F54443-516A-4588-9DC4-321D2955F0CD}.Debug|Any CPU.Build.0 = Debug|Any CPU
		{43F54443-516A-4588-9DC4-321D2955F0CD}.Release|Any CPU.ActiveCfg = Release|Any CPU
		{43F54443-516A-4588-9DC4-321D2955F0CD}.Release|Any CPU.Build.0 = Release|Any CPU
		{C25E6D51-3C3D-4AA6-8508-1732EDBC2FF5}.Debug|Any CPU.ActiveCfg = Debug|Any CPU
		{C25E6D51-3C3D-4AA6-8508-1732EDBC2FF5}.Debug|Any CPU.Build.0 = Debug|Any CPU
		{C25E6D51-3C3D-4AA6-8508-1732EDBC2FF5}.Release|Any CPU.ActiveCfg = Release|Any CPU
		{C25E6D51-3C3D-4AA6-8508-1732EDBC2FF5}.Release|Any CPU.Build.0 = Release|Any CPU
		{CC463055-252C-4786-A7F6-DEF450AB7C72}.Debug|Any CPU.ActiveCfg = Debug|Any CPU
		{CC463055-252C-4786-A7F6-DEF450AB7C72}.Debug|Any CPU.Build.0 = Debug|Any CPU
		{CC463055-252C-4786-A7F6-DEF450AB7C72}.Release|Any CPU.ActiveCfg = Release|Any CPU
		{CC463055-252C-4786-A7F6-DEF450AB7C72}.Release|Any CPU.Build.0 = Release|Any CPU
		{39E106B2-8AFA-4256-8C3F-A93D30831513}.Debug|Any CPU.ActiveCfg = Debug|Any CPU
		{39E106B2-8AFA-4256-8C3F-A93D30831513}.Debug|Any CPU.Build.0 = Debug|Any CPU
		{39E106B2-8AFA-4256-8C3F-A93D30831513}.Release|Any CPU.ActiveCfg = Release|Any CPU
		{39E106B2-8AFA-4256-8C3F-A93D30831513}.Release|Any CPU.Build.0 = Release|Any CPU
		{D6289EF1-6A3F-4696-9283-66ABBD4CDD48}.Debug|Any CPU.ActiveCfg = Debug|Any CPU
		{D6289EF1-6A3F-4696-9283-66ABBD4CDD48}.Debug|Any CPU.Build.0 = Debug|Any CPU
		{D6289EF1-6A3F-4696-9283-66ABBD4CDD48}.Release|Any CPU.ActiveCfg = Release|Any CPU
		{D6289EF1-6A3F-4696-9283-66ABBD4CDD48}.Release|Any CPU.Build.0 = Release|Any CPU
		{025BC576-988F-4388-B507-34D7B9A9C56C}.Debug|Any CPU.ActiveCfg = Debug|Any CPU
		{025BC576-988F-4388-B507-34D7B9A9C56C}.Debug|Any CPU.Build.0 = Debug|Any CPU
		{025BC576-988F-4388-B507-34D7B9A9C56C}.Release|Any CPU.ActiveCfg = Release|Any CPU
		{025BC576-988F-4388-B507-34D7B9A9C56C}.Release|Any CPU.Build.0 = Release|Any CPU
		{F13A3E81-8CF4-4399-A517-E3278D3D15BB}.Debug|Any CPU.ActiveCfg = Debug|Any CPU
		{F13A3E81-8CF4-4399-A517-E3278D3D15BB}.Debug|Any CPU.Build.0 = Debug|Any CPU
		{F13A3E81-8CF4-4399-A517-E3278D3D15BB}.Release|Any CPU.ActiveCfg = Release|Any CPU
		{F13A3E81-8CF4-4399-A517-E3278D3D15BB}.Release|Any CPU.Build.0 = Release|Any CPU
		{B054E35F-A1E8-427E-8277-B00B44D927F6}.Debug|Any CPU.ActiveCfg = Debug|Any CPU
		{B054E35F-A1E8-427E-8277-B00B44D927F6}.Debug|Any CPU.Build.0 = Debug|Any CPU
		{B054E35F-A1E8-427E-8277-B00B44D927F6}.Release|Any CPU.ActiveCfg = Release|Any CPU
		{B054E35F-A1E8-427E-8277-B00B44D927F6}.Release|Any CPU.Build.0 = Release|Any CPU
	EndGlobalSection
	GlobalSection(SolutionProperties) = preSolution
		HideSolutionNode = FALSE
	EndGlobalSection
	GlobalSection(NestedProjects) = preSolution
		{0CCE7992-7AEA-4C35-8905-EEC9A020A9E0} = {EBA95519-129C-482E-8649-F57026D32DDF}
		{E1EABB9F-444D-467B-8AC3-5E714230F475} = {EBA95519-129C-482E-8649-F57026D32DDF}
		{01804090-772B-450B-9E4B-060854645131} = {EBA95519-129C-482E-8649-F57026D32DDF}
		{88D2EE2A-6B46-4254-B92B-837F0651FCBB} = {EBA95519-129C-482E-8649-F57026D32DDF}
		{E283C822-39C9-4EF4-AC5F-BEE2C735C1D2} = {EBA95519-129C-482E-8649-F57026D32DDF}
		{E8DF3DEA-538F-446B-ABFE-BCC5B097DCFB} = {EBA95519-129C-482E-8649-F57026D32DDF}
		{EBA0D884-572A-42EB-8B87-8109FDD106A6} = {DD5F3DC2-9EF7-4315-9002-B5F64EA253CB}
		{9EBE326C-C10A-4527-9637-097F5D73FCC1} = {DD5F3DC2-9EF7-4315-9002-B5F64EA253CB}
		{300577BF-EE49-4923-BC20-3B167ED0B7C0} = {DD5F3DC2-9EF7-4315-9002-B5F64EA253CB}
		{3D1B31DF-87AF-4301-850B-7969066642E5} = {DD5F3DC2-9EF7-4315-9002-B5F64EA253CB}
		{07CE6F91-4F8C-4AC2-98E6-29B31BDB9214} = {DD5F3DC2-9EF7-4315-9002-B5F64EA253CB}
		{162C9E28-AED0-4F4D-9507-521680EA339C} = {DD5F3DC2-9EF7-4315-9002-B5F64EA253CB}
		{FF3C9B52-018D-4ADF-8774-016B4AF0CCFE} = {74B5CB8C-6B0D-49C8-B4E6-70071B029523}
		{34928C96-E90D-4EBC-BD7D-CE53D0BA4ED7} = {74B5CB8C-6B0D-49C8-B4E6-70071B029523}
		{7325D685-190A-45E7-9794-18A34D6D19C5} = {74B5CB8C-6B0D-49C8-B4E6-70071B029523}
		{7E6D3D1C-4E88-4038-A7B1-1B6FF26B7772} = {74B5CB8C-6B0D-49C8-B4E6-70071B029523}
		{80CEDFD6-E160-4B26-8471-28CF717547D7} = {74B5CB8C-6B0D-49C8-B4E6-70071B029523}
		{505713CF-6D94-452F-BED2-06B1FFB21416} = {74B5CB8C-6B0D-49C8-B4E6-70071B029523}
		{FD2623D3-9EAA-45E7-8BEF-11F6B5631A72} = {74B5CB8C-6B0D-49C8-B4E6-70071B029523}
		{9701C91A-306C-44C7-B646-A2CCD9399090} = {CE6DE645-4AC4-499F-93DD-EB130D9A22D1}
		{B731795F-484D-4373-AC7F-59BD2E08EBE5} = {CE6DE645-4AC4-499F-93DD-EB130D9A22D1}
		{DDA189C9-731A-4409-BB4C-CF04E4B1B149} = {CE6DE645-4AC4-499F-93DD-EB130D9A22D1}
		{46BF67F5-B101-4CDC-8C37-8BA12951B153} = {CE6DE645-4AC4-499F-93DD-EB130D9A22D1}
		{F14D613F-0151-4295-AA1F-E0D4D5558F4C} = {CE6DE645-4AC4-499F-93DD-EB130D9A22D1}
		{DBD29AA9-D450-4D51-9FB9-37B609987483} = {CE6DE645-4AC4-499F-93DD-EB130D9A22D1}
		{A34FF3A7-6E6B-4C8C-9FDE-84AD6F07E7D8} = {F27D31B8-BD53-4443-B48F-5348DD251092}
		{513A51AC-0083-4836-858E-82309E034052} = {F27D31B8-BD53-4443-B48F-5348DD251092}
		{394F1005-2DBA-40CC-AE22-F88B105E41BC} = {F27D31B8-BD53-4443-B48F-5348DD251092}
		{BF375C50-FA4D-45A1-B19F-39A80214040B} = {F27D31B8-BD53-4443-B48F-5348DD251092}
		{E45D1412-C7F0-43C0-9810-7704EF259A8E} = {F27D31B8-BD53-4443-B48F-5348DD251092}
		{634BB8E2-0A88-42CA-ABDB-01E7B0B3EF5F} = {F27D31B8-BD53-4443-B48F-5348DD251092}
		{12A01F8E-8B3E-4D8D-8355-8A6F6F9AE613} = {F27D31B8-BD53-4443-B48F-5348DD251092}
		{43F54443-516A-4588-9DC4-321D2955F0CD} = {F27D31B8-BD53-4443-B48F-5348DD251092}
		{C25E6D51-3C3D-4AA6-8508-1732EDBC2FF5} = {F27D31B8-BD53-4443-B48F-5348DD251092}
		{CC463055-252C-4786-A7F6-DEF450AB7C72} = {964EABC5-9357-41AF-BE6D-23C057A25C94}
		{39E106B2-8AFA-4256-8C3F-A93D30831513} = {964EABC5-9357-41AF-BE6D-23C057A25C94}
		{D6289EF1-6A3F-4696-9283-66ABBD4CDD48} = {964EABC5-9357-41AF-BE6D-23C057A25C94}
		{025BC576-988F-4388-B507-34D7B9A9C56C} = {964EABC5-9357-41AF-BE6D-23C057A25C94}
		{F13A3E81-8CF4-4399-A517-E3278D3D15BB} = {964EABC5-9357-41AF-BE6D-23C057A25C94}
		{B054E35F-A1E8-427E-8277-B00B44D927F6} = {964EABC5-9357-41AF-BE6D-23C057A25C94}
	EndGlobalSection
	GlobalSection(ExtensibilityGlobals) = postSolution
		SolutionGuid = {7B4169BB-0134-4E1F-9F04-929354C13B2D}
	EndGlobalSection
EndGlobal
