
Microsoft Visual Studio Solution File, Format Version 12.00
# Visual Studio Version 16
VisualStudioVersion = 16.0.30907.101
MinimumVisualStudioVersion = 10.0.40219.1
Project("{FAE04EC0-301F-11D3-BF4B-00C04F79EFBC}") = "01. Read Text", "01. Read Text\01. Read Text.csproj", "{1E5A5D7D-228A-4E04-9215-6E3565A2B4D1}"
EndProject
Project("{FAE04EC0-301F-11D3-BF4B-00C04F79EFBC}") = "02. Password", "02. Password\02. Password.csproj", "{F357D189-549C-40C1-9D10-4355AB6AAA51}"
EndProject
Project("{FAE04EC0-301F-11D3-BF4B-00C04F79EFBC}") = "03. Sum Numbers", "03. Sum Numbers\03. Sum Numbers.csproj", "{48D0D6D3-7730-463D-BC7C-17D7E945EA8E}"
EndProject
Project("{FAE04EC0-301F-11D3-BF4B-00C04F79EFBC}") = "04. Sequence 2k+1", "04. Sequence 2k+1\04. Sequence 2k+1.csproj", "{D84AC8C2-8E59-4047-93C8-B3E9A47D5839}"
EndProject
Project("{FAE04EC0-301F-11D3-BF4B-00C04F79EFBC}") = "05. Account Balance", "05. Account Balance\05. Account Balance.csproj", "{3845FE4B-3BC1-4DE5-B128-1DD8EAB2DDE7}"
EndProject
Project("{FAE04EC0-301F-11D3-BF4B-00C04F79EFBC}") = "06. Max Number", "06. Max Number\06. Max Number.csproj", "{19716243-9165-4E2F-8272-9C067F10F134}"
EndProject
Project("{FAE04EC0-301F-11D3-BF4B-00C04F79EFBC}") = "07. Min Number", "07. Min Number\07. Min Number.csproj", "{FE5743D9-0172-4A00-8A3F-D11B9625C916}"
EndProject
Project("{FAE04EC0-301F-11D3-BF4B-00C04F79EFBC}") = "08. Graduation pt.2", "08. Graduation pt.2\08. Graduation pt.2.csproj", "{25B26DFC-EAA3-491B-899D-B5CE2F00490D}"
EndProject
Project("{FAE04EC0-301F-11D3-BF4B-00C04F79EFBC}") = "09. Moving", "09. Moving\09. Moving.csproj", "{DCA3D6D4-8AFB-453B-8E98-8AE03232347E}"
EndProject
Global
	GlobalSection(SolutionConfigurationPlatforms) = preSolution
		Debug|Any CPU = Debug|Any CPU
		Release|Any CPU = Release|Any CPU
	EndGlobalSection
	GlobalSection(ProjectConfigurationPlatforms) = postSolution
		{1E5A5D7D-228A-4E04-9215-6E3565A2B4D1}.Debug|Any CPU.ActiveCfg = Debug|Any CPU
		{1E5A5D7D-228A-4E04-9215-6E3565A2B4D1}.Debug|Any CPU.Build.0 = Debug|Any CPU
		{1E5A5D7D-228A-4E04-9215-6E3565A2B4D1}.Release|Any CPU.ActiveCfg = Release|Any CPU
		{1E5A5D7D-228A-4E04-9215-6E3565A2B4D1}.Release|Any CPU.Build.0 = Release|Any CPU
		{F357D189-549C-40C1-9D10-4355AB6AAA51}.Debug|Any CPU.ActiveCfg = Debug|Any CPU
		{F357D189-549C-40C1-9D10-4355AB6AAA51}.Debug|Any CPU.Build.0 = Debug|Any CPU
		{F357D189-549C-40C1-9D10-4355AB6AAA51}.Release|Any CPU.ActiveCfg = Release|Any CPU
		{F357D189-549C-40C1-9D10-4355AB6AAA51}.Release|Any CPU.Build.0 = Release|Any CPU
		{48D0D6D3-7730-463D-BC7C-17D7E945EA8E}.Debug|Any CPU.ActiveCfg = Debug|Any CPU
		{48D0D6D3-7730-463D-BC7C-17D7E945EA8E}.Debug|Any CPU.Build.0 = Debug|Any CPU
		{48D0D6D3-7730-463D-BC7C-17D7E945EA8E}.Release|Any CPU.ActiveCfg = Release|Any CPU
		{48D0D6D3-7730-463D-BC7C-17D7E945EA8E}.Release|Any CPU.Build.0 = Release|Any CPU
		{D84AC8C2-8E59-4047-93C8-B3E9A47D5839}.Debug|Any CPU.ActiveCfg = Debug|Any CPU
		{D84AC8C2-8E59-4047-93C8-B3E9A47D5839}.Debug|Any CPU.Build.0 = Debug|Any CPU
		{D84AC8C2-8E59-4047-93C8-B3E9A47D5839}.Release|Any CPU.ActiveCfg = Release|Any CPU
		{D84AC8C2-8E59-4047-93C8-B3E9A47D5839}.Release|Any CPU.Build.0 = Release|Any CPU
		{3845FE4B-3BC1-4DE5-B128-1DD8EAB2DDE7}.Debug|Any CPU.ActiveCfg = Debug|Any CPU
		{3845FE4B-3BC1-4DE5-B128-1DD8EAB2DDE7}.Debug|Any CPU.Build.0 = Debug|Any CPU
		{3845FE4B-3BC1-4DE5-B128-1DD8EAB2DDE7}.Release|Any CPU.ActiveCfg = Release|Any CPU
		{3845FE4B-3BC1-4DE5-B128-1DD8EAB2DDE7}.Release|Any CPU.Build.0 = Release|Any CPU
		{19716243-9165-4E2F-8272-9C067F10F134}.Debug|Any CPU.ActiveCfg = Debug|Any CPU
		{19716243-9165-4E2F-8272-9C067F10F134}.Debug|Any CPU.Build.0 = Debug|Any CPU
		{19716243-9165-4E2F-8272-9C067F10F134}.Release|Any CPU.ActiveCfg = Release|Any CPU
		{19716243-9165-4E2F-8272-9C067F10F134}.Release|Any CPU.Build.0 = Release|Any CPU
		{FE5743D9-0172-4A00-8A3F-D11B9625C916}.Debug|Any CPU.ActiveCfg = Debug|Any CPU
		{FE5743D9-0172-4A00-8A3F-D11B9625C916}.Debug|Any CPU.Build.0 = Debug|Any CPU
		{FE5743D9-0172-4A00-8A3F-D11B9625C916}.Release|Any CPU.ActiveCfg = Release|Any CPU
		{FE5743D9-0172-4A00-8A3F-D11B9625C916}.Release|Any CPU.Build.0 = Release|Any CPU
		{25B26DFC-EAA3-491B-899D-B5CE2F00490D}.Debug|Any CPU.ActiveCfg = Debug|Any CPU
		{25B26DFC-EAA3-491B-899D-B5CE2F00490D}.Debug|Any CPU.Build.0 = Debug|Any CPU
		{25B26DFC-EAA3-491B-899D-B5CE2F00490D}.Release|Any CPU.ActiveCfg = Release|Any CPU
		{25B26DFC-EAA3-491B-899D-B5CE2F00490D}.Release|Any CPU.Build.0 = Release|Any CPU
		{DCA3D6D4-8AFB-453B-8E98-8AE03232347E}.Debug|Any CPU.ActiveCfg = Debug|Any CPU
		{DCA3D6D4-8AFB-453B-8E98-8AE03232347E}.Debug|Any CPU.Build.0 = Debug|Any CPU
		{DCA3D6D4-8AFB-453B-8E98-8AE03232347E}.Release|Any CPU.ActiveCfg = Release|Any CPU
		{DCA3D6D4-8AFB-453B-8E98-8AE03232347E}.Release|Any CPU.Build.0 = Release|Any CPU
	EndGlobalSection
	GlobalSection(SolutionProperties) = preSolution
		HideSolutionNode = FALSE
	EndGlobalSection
	GlobalSection(ExtensibilityGlobals) = postSolution
		SolutionGuid = {F1452B5D-71D9-4BF5-A235-39A69771DC55}
	EndGlobalSection
EndGlobal
